
Microsoft Visual Studio Solution File, Format Version 12.00
# Visual Studio Version 17
VisualStudioVersion = 17.8.34330.188
MinimumVisualStudioVersion = 10.0.40219.1
Project("{9A19103F-16F7-4668-BE54-9A1E7A4F7556}") = "BasesCsharp", "BasesCsharp\BasesCsharp.csproj", "{D441127C-9FA7-4F71-A8DB-CA5921683BEE}"
EndProject
Project("{9A19103F-16F7-4668-BE54-9A1E7A4F7556}") = "Exercice 1", "Exercice 1\Exercice 1.csproj", "{73314580-FCD1-4EBD-8EF3-C72762E57B8F}"
EndProject
Project("{9A19103F-16F7-4668-BE54-9A1E7A4F7556}") = "Exercice2", "Exercice2\Exercice2.csproj", "{724A0E7B-6D4A-4FD6-819F-95C8BACBD726}"
EndProject
Project("{9A19103F-16F7-4668-BE54-9A1E7A4F7556}") = "Exercice3", "Exercice3\Exercice3.csproj", "{C57F3D32-A164-4630-B8BD-27276AC83C20}"
EndProject
Project("{9A19103F-16F7-4668-BE54-9A1E7A4F7556}") = "Exercice4", "Exercice4\Exercice4.csproj", "{CA674A3A-986A-409D-A28B-6520AAB4F09F}"
EndProject
Project("{9A19103F-16F7-4668-BE54-9A1E7A4F7556}") = "Exercice5", "Exercice5\Exercice5.csproj", "{7A4513A1-AC21-4069-A3E4-1CA28B0EF364}"
EndProject
Project("{9A19103F-16F7-4668-BE54-9A1E7A4F7556}") = "Exercice6", "Exercice6\Exercice6.csproj", "{D326987F-173F-4042-B804-A19EF3465031}"
EndProject
Project("{9A19103F-16F7-4668-BE54-9A1E7A4F7556}") = "Exercice7", "Exercice7\Exercice7.csproj", "{83E12886-3448-4F53-9A52-F7EF28376E64}"
EndProject
Project("{9A19103F-16F7-4668-BE54-9A1E7A4F7556}") = "Exercice8", "Exercice8\Exercice8.csproj", "{58DB6B0F-C227-4642-878E-7580F6D02237}"
EndProject
Project("{9A19103F-16F7-4668-BE54-9A1E7A4F7556}") = "Exercice9", "Exercice9\Exercice9.csproj", "{7F17DA79-6587-48E3-8902-79F3A27BA97A}"
EndProject
Project("{9A19103F-16F7-4668-BE54-9A1E7A4F7556}") = "Exercice10", "Exercice10\Exercice10.csproj", "{07EBA867-6DAE-410E-AE74-BA53A4448D27}"
EndProject
Project("{9A19103F-16F7-4668-BE54-9A1E7A4F7556}") = "Exercice11", "Exercice11\Exercice11.csproj", "{5F04C1B9-F22D-4803-AE19-A533E4B64278}"
EndProject
Project("{9A19103F-16F7-4668-BE54-9A1E7A4F7556}") = "Exercice12", "Exercice12\Exercice12.csproj", "{E844B14F-8A32-4940-B9C7-66793AAC2678}"
EndProject
Project("{9A19103F-16F7-4668-BE54-9A1E7A4F7556}") = "Exercice13", "Exercice13\Exercice13.csproj", "{505BBA62-0B16-475A-82E2-3B8E73DE9C44}"
EndProject
Project("{9A19103F-16F7-4668-BE54-9A1E7A4F7556}") = "Exercice14", "Exercice14\Exercice14.csproj", "{137A3BA0-196D-4761-8DED-C6A8A9CEFD5C}"
EndProject
Project("{9A19103F-16F7-4668-BE54-9A1E7A4F7556}") = "Exercice15", "Exercice15\Exercice15.csproj", "{90DC24D9-7786-4062-9D33-35B10AD2C074}"
EndProject
Project("{9A19103F-16F7-4668-BE54-9A1E7A4F7556}") = "Exercice17", "Exercice17\Exercice17.csproj", "{A78F8932-F1B8-42AE-93D7-EC5ED6B3FCD5}"
EndProject
Project("{9A19103F-16F7-4668-BE54-9A1E7A4F7556}") = "Exercice20", "Exercice20\Exercice20.csproj", "{46AC2843-A970-4D19-B7D2-CFEF71CC4157}"
EndProject
Project("{9A19103F-16F7-4668-BE54-9A1E7A4F7556}") = "Exercice21", "Exercice21\Exercice21.csproj", "{91F5226A-E203-4A13-AACD-BA35CE83A030}"
EndProject
Project("{9A19103F-16F7-4668-BE54-9A1E7A4F7556}") = "Exercice22", "Exercice23\Exercice22.csproj", "{93F9B1E1-7375-49C1-A889-5739B05A9B9D}"
EndProject
Project("{9A19103F-16F7-4668-BE54-9A1E7A4F7556}") = "Exercice23bis", "Exercice23bis\Exercice23bis.csproj", "{DBF233DB-8624-496B-A296-E51CAB1890C9}"
EndProject
Project("{9A19103F-16F7-4668-BE54-9A1E7A4F7556}") = "Exercice24", "Exercice24\Exercice24.csproj", "{42777BCF-72CB-4560-BD45-5B178ECDD6E2}"
EndProject
Project("{9A19103F-16F7-4668-BE54-9A1E7A4F7556}") = "Exercice25", "Exercice25\Exercice25.csproj", "{A8BCAE8E-FC23-4743-9CB9-881CEC9BF9F7}"
EndProject
Project("{9A19103F-16F7-4668-BE54-9A1E7A4F7556}") = "Exercice22B1", "Exercice22B1\Exercice22B1.csproj", "{3A3DB9F7-10A2-4570-855F-6D637107822A}"
EndProject
Project("{9A19103F-16F7-4668-BE54-9A1E7A4F7556}") = "Exercice25bis", "Exercice25bis\Exercice25bis.csproj", "{F1335BA5-E744-4228-A067-C56BEB08F964}"
EndProject
Project("{9A19103F-16F7-4668-BE54-9A1E7A4F7556}") = "Exercice25tris", "Exercice25tris\Exercice25tris.csproj", "{E0203B25-0D2B-4E63-A7A0-4B184FF37575}"
EndProject
Project("{9A19103F-16F7-4668-BE54-9A1E7A4F7556}") = "Exercice28", "Exercice28\Exercice28.csproj", "{D6450D9B-7185-451E-AF63-E1B3DEB85BF6}"
EndProject
Project("{9A19103F-16F7-4668-BE54-9A1E7A4F7556}") = "Exercice32", "Exercice32\Exercice32.csproj", "{50B0752B-12A3-4770-8AFF-2F9B429C2F0B}"
EndProject
Project("{9A19103F-16F7-4668-BE54-9A1E7A4F7556}") = "Exercice33", "Exercice33\Exercice33.csproj", "{4D2E5DC5-77A3-4E77-B57B-7A9132E527A5}"
EndProject
Project("{9A19103F-16F7-4668-BE54-9A1E7A4F7556}") = "Exercice34", "Exercice34\Exercice34.csproj", "{712F0B22-80EB-406D-9B2D-4BA2D13BEADA}"
EndProject
Project("{9A19103F-16F7-4668-BE54-9A1E7A4F7556}") = "Exercice36", "Exercice36\Exercice36.csproj", "{7396BCAE-8B22-4CC5-AF16-A7F0161318DE}"
EndProject
Project("{9A19103F-16F7-4668-BE54-9A1E7A4F7556}") = "Exercice37", "Exercice37\Exercice37.csproj", "{0D2EF458-6BDF-4798-B034-DBD4331B5987}"
EndProject
Project("{FAE04EC0-301F-11D3-BF4B-00C04F79EFBC}") = "Exercice38", "Exercice38\Exercice38.csproj", "{8E88BF7D-E448-43CA-99C0-FE4BFC142F1D}"
EndProject
Global
	GlobalSection(SolutionConfigurationPlatforms) = preSolution
		Debug|Any CPU = Debug|Any CPU
		Release|Any CPU = Release|Any CPU
	EndGlobalSection
	GlobalSection(ProjectConfigurationPlatforms) = postSolution
		{D441127C-9FA7-4F71-A8DB-CA5921683BEE}.Debug|Any CPU.ActiveCfg = Debug|Any CPU
		{D441127C-9FA7-4F71-A8DB-CA5921683BEE}.Debug|Any CPU.Build.0 = Debug|Any CPU
		{D441127C-9FA7-4F71-A8DB-CA5921683BEE}.Release|Any CPU.ActiveCfg = Release|Any CPU
		{D441127C-9FA7-4F71-A8DB-CA5921683BEE}.Release|Any CPU.Build.0 = Release|Any CPU
		{73314580-FCD1-4EBD-8EF3-C72762E57B8F}.Debug|Any CPU.ActiveCfg = Debug|Any CPU
		{73314580-FCD1-4EBD-8EF3-C72762E57B8F}.Debug|Any CPU.Build.0 = Debug|Any CPU
		{73314580-FCD1-4EBD-8EF3-C72762E57B8F}.Release|Any CPU.ActiveCfg = Release|Any CPU
		{73314580-FCD1-4EBD-8EF3-C72762E57B8F}.Release|Any CPU.Build.0 = Release|Any CPU
		{724A0E7B-6D4A-4FD6-819F-95C8BACBD726}.Debug|Any CPU.ActiveCfg = Debug|Any CPU
		{724A0E7B-6D4A-4FD6-819F-95C8BACBD726}.Debug|Any CPU.Build.0 = Debug|Any CPU
		{724A0E7B-6D4A-4FD6-819F-95C8BACBD726}.Release|Any CPU.ActiveCfg = Release|Any CPU
		{724A0E7B-6D4A-4FD6-819F-95C8BACBD726}.Release|Any CPU.Build.0 = Release|Any CPU
		{C57F3D32-A164-4630-B8BD-27276AC83C20}.Debug|Any CPU.ActiveCfg = Debug|Any CPU
		{C57F3D32-A164-4630-B8BD-27276AC83C20}.Debug|Any CPU.Build.0 = Debug|Any CPU
		{C57F3D32-A164-4630-B8BD-27276AC83C20}.Release|Any CPU.ActiveCfg = Release|Any CPU
		{C57F3D32-A164-4630-B8BD-27276AC83C20}.Release|Any CPU.Build.0 = Release|Any CPU
		{CA674A3A-986A-409D-A28B-6520AAB4F09F}.Debug|Any CPU.ActiveCfg = Debug|Any CPU
		{CA674A3A-986A-409D-A28B-6520AAB4F09F}.Debug|Any CPU.Build.0 = Debug|Any CPU
		{CA674A3A-986A-409D-A28B-6520AAB4F09F}.Release|Any CPU.ActiveCfg = Release|Any CPU
		{CA674A3A-986A-409D-A28B-6520AAB4F09F}.Release|Any CPU.Build.0 = Release|Any CPU
		{7A4513A1-AC21-4069-A3E4-1CA28B0EF364}.Debug|Any CPU.ActiveCfg = Debug|Any CPU
		{7A4513A1-AC21-4069-A3E4-1CA28B0EF364}.Debug|Any CPU.Build.0 = Debug|Any CPU
		{7A4513A1-AC21-4069-A3E4-1CA28B0EF364}.Release|Any CPU.ActiveCfg = Release|Any CPU
		{7A4513A1-AC21-4069-A3E4-1CA28B0EF364}.Release|Any CPU.Build.0 = Release|Any CPU
		{D326987F-173F-4042-B804-A19EF3465031}.Debug|Any CPU.ActiveCfg = Debug|Any CPU
		{D326987F-173F-4042-B804-A19EF3465031}.Debug|Any CPU.Build.0 = Debug|Any CPU
		{D326987F-173F-4042-B804-A19EF3465031}.Release|Any CPU.ActiveCfg = Release|Any CPU
		{D326987F-173F-4042-B804-A19EF3465031}.Release|Any CPU.Build.0 = Release|Any CPU
		{83E12886-3448-4F53-9A52-F7EF28376E64}.Debug|Any CPU.ActiveCfg = Debug|Any CPU
		{83E12886-3448-4F53-9A52-F7EF28376E64}.Debug|Any CPU.Build.0 = Debug|Any CPU
		{83E12886-3448-4F53-9A52-F7EF28376E64}.Release|Any CPU.ActiveCfg = Release|Any CPU
		{83E12886-3448-4F53-9A52-F7EF28376E64}.Release|Any CPU.Build.0 = Release|Any CPU
		{58DB6B0F-C227-4642-878E-7580F6D02237}.Debug|Any CPU.ActiveCfg = Debug|Any CPU
		{58DB6B0F-C227-4642-878E-7580F6D02237}.Debug|Any CPU.Build.0 = Debug|Any CPU
		{58DB6B0F-C227-4642-878E-7580F6D02237}.Release|Any CPU.ActiveCfg = Release|Any CPU
		{58DB6B0F-C227-4642-878E-7580F6D02237}.Release|Any CPU.Build.0 = Release|Any CPU
		{7F17DA79-6587-48E3-8902-79F3A27BA97A}.Debug|Any CPU.ActiveCfg = Debug|Any CPU
		{7F17DA79-6587-48E3-8902-79F3A27BA97A}.Debug|Any CPU.Build.0 = Debug|Any CPU
		{7F17DA79-6587-48E3-8902-79F3A27BA97A}.Release|Any CPU.ActiveCfg = Release|Any CPU
		{7F17DA79-6587-48E3-8902-79F3A27BA97A}.Release|Any CPU.Build.0 = Release|Any CPU
		{07EBA867-6DAE-410E-AE74-BA53A4448D27}.Debug|Any CPU.ActiveCfg = Debug|Any CPU
		{07EBA867-6DAE-410E-AE74-BA53A4448D27}.Debug|Any CPU.Build.0 = Debug|Any CPU
		{07EBA867-6DAE-410E-AE74-BA53A4448D27}.Release|Any CPU.ActiveCfg = Release|Any CPU
		{07EBA867-6DAE-410E-AE74-BA53A4448D27}.Release|Any CPU.Build.0 = Release|Any CPU
		{5F04C1B9-F22D-4803-AE19-A533E4B64278}.Debug|Any CPU.ActiveCfg = Debug|Any CPU
		{5F04C1B9-F22D-4803-AE19-A533E4B64278}.Debug|Any CPU.Build.0 = Debug|Any CPU
		{5F04C1B9-F22D-4803-AE19-A533E4B64278}.Release|Any CPU.ActiveCfg = Release|Any CPU
		{5F04C1B9-F22D-4803-AE19-A533E4B64278}.Release|Any CPU.Build.0 = Release|Any CPU
		{E844B14F-8A32-4940-B9C7-66793AAC2678}.Debug|Any CPU.ActiveCfg = Debug|Any CPU
		{E844B14F-8A32-4940-B9C7-66793AAC2678}.Debug|Any CPU.Build.0 = Debug|Any CPU
		{E844B14F-8A32-4940-B9C7-66793AAC2678}.Release|Any CPU.ActiveCfg = Release|Any CPU
		{E844B14F-8A32-4940-B9C7-66793AAC2678}.Release|Any CPU.Build.0 = Release|Any CPU
		{505BBA62-0B16-475A-82E2-3B8E73DE9C44}.Debug|Any CPU.ActiveCfg = Debug|Any CPU
		{505BBA62-0B16-475A-82E2-3B8E73DE9C44}.Debug|Any CPU.Build.0 = Debug|Any CPU
		{505BBA62-0B16-475A-82E2-3B8E73DE9C44}.Release|Any CPU.ActiveCfg = Release|Any CPU
		{505BBA62-0B16-475A-82E2-3B8E73DE9C44}.Release|Any CPU.Build.0 = Release|Any CPU
		{137A3BA0-196D-4761-8DED-C6A8A9CEFD5C}.Debug|Any CPU.ActiveCfg = Debug|Any CPU
		{137A3BA0-196D-4761-8DED-C6A8A9CEFD5C}.Debug|Any CPU.Build.0 = Debug|Any CPU
		{137A3BA0-196D-4761-8DED-C6A8A9CEFD5C}.Release|Any CPU.ActiveCfg = Release|Any CPU
		{137A3BA0-196D-4761-8DED-C6A8A9CEFD5C}.Release|Any CPU.Build.0 = Release|Any CPU
		{90DC24D9-7786-4062-9D33-35B10AD2C074}.Debug|Any CPU.ActiveCfg = Debug|Any CPU
		{90DC24D9-7786-4062-9D33-35B10AD2C074}.Debug|Any CPU.Build.0 = Debug|Any CPU
		{90DC24D9-7786-4062-9D33-35B10AD2C074}.Release|Any CPU.ActiveCfg = Release|Any CPU
		{90DC24D9-7786-4062-9D33-35B10AD2C074}.Release|Any CPU.Build.0 = Release|Any CPU
		{A78F8932-F1B8-42AE-93D7-EC5ED6B3FCD5}.Debug|Any CPU.ActiveCfg = Debug|Any CPU
		{A78F8932-F1B8-42AE-93D7-EC5ED6B3FCD5}.Debug|Any CPU.Build.0 = Debug|Any CPU
		{A78F8932-F1B8-42AE-93D7-EC5ED6B3FCD5}.Release|Any CPU.ActiveCfg = Release|Any CPU
		{A78F8932-F1B8-42AE-93D7-EC5ED6B3FCD5}.Release|Any CPU.Build.0 = Release|Any CPU
		{46AC2843-A970-4D19-B7D2-CFEF71CC4157}.Debug|Any CPU.ActiveCfg = Debug|Any CPU
		{46AC2843-A970-4D19-B7D2-CFEF71CC4157}.Debug|Any CPU.Build.0 = Debug|Any CPU
		{46AC2843-A970-4D19-B7D2-CFEF71CC4157}.Release|Any CPU.ActiveCfg = Release|Any CPU
		{46AC2843-A970-4D19-B7D2-CFEF71CC4157}.Release|Any CPU.Build.0 = Release|Any CPU
		{91F5226A-E203-4A13-AACD-BA35CE83A030}.Debug|Any CPU.ActiveCfg = Debug|Any CPU
		{91F5226A-E203-4A13-AACD-BA35CE83A030}.Debug|Any CPU.Build.0 = Debug|Any CPU
		{91F5226A-E203-4A13-AACD-BA35CE83A030}.Release|Any CPU.ActiveCfg = Release|Any CPU
		{91F5226A-E203-4A13-AACD-BA35CE83A030}.Release|Any CPU.Build.0 = Release|Any CPU
		{93F9B1E1-7375-49C1-A889-5739B05A9B9D}.Debug|Any CPU.ActiveCfg = Debug|Any CPU
		{93F9B1E1-7375-49C1-A889-5739B05A9B9D}.Debug|Any CPU.Build.0 = Debug|Any CPU
		{93F9B1E1-7375-49C1-A889-5739B05A9B9D}.Release|Any CPU.ActiveCfg = Release|Any CPU
		{93F9B1E1-7375-49C1-A889-5739B05A9B9D}.Release|Any CPU.Build.0 = Release|Any CPU
		{DBF233DB-8624-496B-A296-E51CAB1890C9}.Debug|Any CPU.ActiveCfg = Debug|Any CPU
		{DBF233DB-8624-496B-A296-E51CAB1890C9}.Debug|Any CPU.Build.0 = Debug|Any CPU
		{DBF233DB-8624-496B-A296-E51CAB1890C9}.Release|Any CPU.ActiveCfg = Release|Any CPU
		{DBF233DB-8624-496B-A296-E51CAB1890C9}.Release|Any CPU.Build.0 = Release|Any CPU
		{42777BCF-72CB-4560-BD45-5B178ECDD6E2}.Debug|Any CPU.ActiveCfg = Debug|Any CPU
		{42777BCF-72CB-4560-BD45-5B178ECDD6E2}.Debug|Any CPU.Build.0 = Debug|Any CPU
		{42777BCF-72CB-4560-BD45-5B178ECDD6E2}.Release|Any CPU.ActiveCfg = Release|Any CPU
		{42777BCF-72CB-4560-BD45-5B178ECDD6E2}.Release|Any CPU.Build.0 = Release|Any CPU
		{A8BCAE8E-FC23-4743-9CB9-881CEC9BF9F7}.Debug|Any CPU.ActiveCfg = Debug|Any CPU
		{A8BCAE8E-FC23-4743-9CB9-881CEC9BF9F7}.Debug|Any CPU.Build.0 = Debug|Any CPU
		{A8BCAE8E-FC23-4743-9CB9-881CEC9BF9F7}.Release|Any CPU.ActiveCfg = Release|Any CPU
		{A8BCAE8E-FC23-4743-9CB9-881CEC9BF9F7}.Release|Any CPU.Build.0 = Release|Any CPU
		{3A3DB9F7-10A2-4570-855F-6D637107822A}.Debug|Any CPU.ActiveCfg = Debug|Any CPU
		{3A3DB9F7-10A2-4570-855F-6D637107822A}.Debug|Any CPU.Build.0 = Debug|Any CPU
		{3A3DB9F7-10A2-4570-855F-6D637107822A}.Release|Any CPU.ActiveCfg = Release|Any CPU
		{3A3DB9F7-10A2-4570-855F-6D637107822A}.Release|Any CPU.Build.0 = Release|Any CPU
		{F1335BA5-E744-4228-A067-C56BEB08F964}.Debug|Any CPU.ActiveCfg = Debug|Any CPU
		{F1335BA5-E744-4228-A067-C56BEB08F964}.Debug|Any CPU.Build.0 = Debug|Any CPU
		{F1335BA5-E744-4228-A067-C56BEB08F964}.Release|Any CPU.ActiveCfg = Release|Any CPU
		{F1335BA5-E744-4228-A067-C56BEB08F964}.Release|Any CPU.Build.0 = Release|Any CPU
		{E0203B25-0D2B-4E63-A7A0-4B184FF37575}.Debug|Any CPU.ActiveCfg = Debug|Any CPU
		{E0203B25-0D2B-4E63-A7A0-4B184FF37575}.Debug|Any CPU.Build.0 = Debug|Any CPU
		{E0203B25-0D2B-4E63-A7A0-4B184FF37575}.Release|Any CPU.ActiveCfg = Release|Any CPU
		{E0203B25-0D2B-4E63-A7A0-4B184FF37575}.Release|Any CPU.Build.0 = Release|Any CPU
		{D6450D9B-7185-451E-AF63-E1B3DEB85BF6}.Debug|Any CPU.ActiveCfg = Debug|Any CPU
		{D6450D9B-7185-451E-AF63-E1B3DEB85BF6}.Debug|Any CPU.Build.0 = Debug|Any CPU
		{D6450D9B-7185-451E-AF63-E1B3DEB85BF6}.Release|Any CPU.ActiveCfg = Release|Any CPU
		{D6450D9B-7185-451E-AF63-E1B3DEB85BF6}.Release|Any CPU.Build.0 = Release|Any CPU
		{50B0752B-12A3-4770-8AFF-2F9B429C2F0B}.Debug|Any CPU.ActiveCfg = Debug|Any CPU
		{50B0752B-12A3-4770-8AFF-2F9B429C2F0B}.Debug|Any CPU.Build.0 = Debug|Any CPU
		{50B0752B-12A3-4770-8AFF-2F9B429C2F0B}.Release|Any CPU.ActiveCfg = Release|Any CPU
		{50B0752B-12A3-4770-8AFF-2F9B429C2F0B}.Release|Any CPU.Build.0 = Release|Any CPU
		{4D2E5DC5-77A3-4E77-B57B-7A9132E527A5}.Debug|Any CPU.ActiveCfg = Debug|Any CPU
		{4D2E5DC5-77A3-4E77-B57B-7A9132E527A5}.Debug|Any CPU.Build.0 = Debug|Any CPU
		{4D2E5DC5-77A3-4E77-B57B-7A9132E527A5}.Release|Any CPU.ActiveCfg = Release|Any CPU
		{4D2E5DC5-77A3-4E77-B57B-7A9132E527A5}.Release|Any CPU.Build.0 = Release|Any CPU
		{712F0B22-80EB-406D-9B2D-4BA2D13BEADA}.Debug|Any CPU.ActiveCfg = Debug|Any CPU
		{712F0B22-80EB-406D-9B2D-4BA2D13BEADA}.Debug|Any CPU.Build.0 = Debug|Any CPU
		{712F0B22-80EB-406D-9B2D-4BA2D13BEADA}.Release|Any CPU.ActiveCfg = Release|Any CPU
		{712F0B22-80EB-406D-9B2D-4BA2D13BEADA}.Release|Any CPU.Build.0 = Release|Any CPU
		{7396BCAE-8B22-4CC5-AF16-A7F0161318DE}.Debug|Any CPU.ActiveCfg = Debug|Any CPU
		{7396BCAE-8B22-4CC5-AF16-A7F0161318DE}.Debug|Any CPU.Build.0 = Debug|Any CPU
		{7396BCAE-8B22-4CC5-AF16-A7F0161318DE}.Release|Any CPU.ActiveCfg = Release|Any CPU
		{7396BCAE-8B22-4CC5-AF16-A7F0161318DE}.Release|Any CPU.Build.0 = Release|Any CPU
		{0D2EF458-6BDF-4798-B034-DBD4331B5987}.Debug|Any CPU.ActiveCfg = Debug|Any CPU
		{0D2EF458-6BDF-4798-B034-DBD4331B5987}.Debug|Any CPU.Build.0 = Debug|Any CPU
		{0D2EF458-6BDF-4798-B034-DBD4331B5987}.Release|Any CPU.ActiveCfg = Release|Any CPU
		{0D2EF458-6BDF-4798-B034-DBD4331B5987}.Release|Any CPU.Build.0 = Release|Any CPU
		{8E88BF7D-E448-43CA-99C0-FE4BFC142F1D}.Debug|Any CPU.ActiveCfg = Debug|Any CPU
		{8E88BF7D-E448-43CA-99C0-FE4BFC142F1D}.Debug|Any CPU.Build.0 = Debug|Any CPU
		{8E88BF7D-E448-43CA-99C0-FE4BFC142F1D}.Release|Any CPU.ActiveCfg = Release|Any CPU
		{8E88BF7D-E448-43CA-99C0-FE4BFC142F1D}.Release|Any CPU.Build.0 = Release|Any CPU
	EndGlobalSection
	GlobalSection(SolutionProperties) = preSolution
		HideSolutionNode = FALSE
	EndGlobalSection
	GlobalSection(ExtensibilityGlobals) = postSolution
		SolutionGuid = {5E444FDD-DD93-421F-8844-BA5569BD539F}
	EndGlobalSection
EndGlobal
